// !$*UTF8*$!
{
	archiveVersion = 1;
	classes = {
	};
	objectVersion = 55;
	objects = {

/* Begin PBXBuildFile section */
		F137A8CA29133A8700BA7FE1 /* MatchTimeView.swift in Sources */ = {isa = PBXBuildFile; fileRef = F137A8C929133A8700BA7FE1 /* MatchTimeView.swift */; };
		F137A8CD29133CA700BA7FE1 /* Optional+.swift in Sources */ = {isa = PBXBuildFile; fileRef = F137A8CC29133CA700BA7FE1 /* Optional+.swift */; };
		F137A8CF29133CB400BA7FE1 /* String+.swift in Sources */ = {isa = PBXBuildFile; fileRef = F137A8CE29133CB400BA7FE1 /* String+.swift */; };
		F137A8D12913427100BA7FE1 /* TeamView.swift in Sources */ = {isa = PBXBuildFile; fileRef = F137A8D02913427100BA7FE1 /* TeamView.swift */; };
		F137A8D3291346C700BA7FE1 /* TeamsContainerView.swift in Sources */ = {isa = PBXBuildFile; fileRef = F137A8D2291346C700BA7FE1 /* TeamsContainerView.swift */; };
		F137A8D529134A9000BA7FE1 /* MatchCardView.swift in Sources */ = {isa = PBXBuildFile; fileRef = F137A8D429134A9000BA7FE1 /* MatchCardView.swift */; };
		F1AF7AB92912ECE400CEFFBB /* CSTVApp.swift in Sources */ = {isa = PBXBuildFile; fileRef = F1AF7AB82912ECE400CEFFBB /* CSTVApp.swift */; };
		F1AF7ABD2912ECE600CEFFBB /* Assets.xcassets in Resources */ = {isa = PBXBuildFile; fileRef = F1AF7ABC2912ECE600CEFFBB /* Assets.xcassets */; };
		F1AF7AC02912ECE600CEFFBB /* Preview Assets.xcassets in Resources */ = {isa = PBXBuildFile; fileRef = F1AF7ABF2912ECE600CEFFBB /* Preview Assets.xcassets */; };
		F1AF7ACA2912ECE700CEFFBB /* CSTVAppTests.swift in Sources */ = {isa = PBXBuildFile; fileRef = F1AF7AC92912ECE700CEFFBB /* CSTVAppTests.swift */; };
		F1AF7AE32912EE1F00CEFFBB /* MatchesView.swift in Sources */ = {isa = PBXBuildFile; fileRef = F1AF7AE22912EE1F00CEFFBB /* MatchesView.swift */; };
		F1AF7AE52912F1BF00CEFFBB /* PandaScoreAPI.swift in Sources */ = {isa = PBXBuildFile; fileRef = F1AF7AE42912F1BF00CEFFBB /* PandaScoreAPI.swift */; };
		F1AF7AE72912F26300CEFFBB /* MatchesViewModel.swift in Sources */ = {isa = PBXBuildFile; fileRef = F1AF7AE62912F26300CEFFBB /* MatchesViewModel.swift */; };
		F1AF7AE92912F3B300CEFFBB /* Match.swift in Sources */ = {isa = PBXBuildFile; fileRef = F1AF7AE82912F3B300CEFFBB /* Match.swift */; };
		F1AF7AEB2912F59900CEFFBB /* Opponent.swift in Sources */ = {isa = PBXBuildFile; fileRef = F1AF7AEA2912F59900CEFFBB /* Opponent.swift */; };
		F1AF7AED2912F5AD00CEFFBB /* League.swift in Sources */ = {isa = PBXBuildFile; fileRef = F1AF7AEC2912F5AD00CEFFBB /* League.swift */; };
		F1AF7AEF2912F5BB00CEFFBB /* Serie.swift in Sources */ = {isa = PBXBuildFile; fileRef = F1AF7AEE2912F5BB00CEFFBB /* Serie.swift */; };
		F1F2AB3B29135037003877BF /* View+.swift in Sources */ = {isa = PBXBuildFile; fileRef = F1F2AB3A29135037003877BF /* View+.swift */; };
		F1F2AB3D291353A5003877BF /* MatchDetailsView.swift in Sources */ = {isa = PBXBuildFile; fileRef = F1F2AB3C291353A5003877BF /* MatchDetailsView.swift */; };
/* End PBXBuildFile section */

/* Begin PBXContainerItemProxy section */
		F1AF7AC62912ECE700CEFFBB /* PBXContainerItemProxy */ = {
			isa = PBXContainerItemProxy;
			containerPortal = F1AF7AAD2912ECE400CEFFBB /* Project object */;
			proxyType = 1;
			remoteGlobalIDString = F1AF7AB42912ECE400CEFFBB;
			remoteInfo = CSTVApp;
		};
/* End PBXContainerItemProxy section */

/* Begin PBXFileReference section */
		F137A8C929133A8700BA7FE1 /* MatchTimeView.swift */ = {isa = PBXFileReference; lastKnownFileType = sourcecode.swift; path = MatchTimeView.swift; sourceTree = "<group>"; };
		F137A8CC29133CA700BA7FE1 /* Optional+.swift */ = {isa = PBXFileReference; lastKnownFileType = sourcecode.swift; path = "Optional+.swift"; sourceTree = "<group>"; };
		F137A8CE29133CB400BA7FE1 /* String+.swift */ = {isa = PBXFileReference; lastKnownFileType = sourcecode.swift; path = "String+.swift"; sourceTree = "<group>"; };
		F137A8D02913427100BA7FE1 /* TeamView.swift */ = {isa = PBXFileReference; lastKnownFileType = sourcecode.swift; path = TeamView.swift; sourceTree = "<group>"; };
		F137A8D2291346C700BA7FE1 /* TeamsContainerView.swift */ = {isa = PBXFileReference; lastKnownFileType = sourcecode.swift; path = TeamsContainerView.swift; sourceTree = "<group>"; };
		F137A8D429134A9000BA7FE1 /* MatchCardView.swift */ = {isa = PBXFileReference; lastKnownFileType = sourcecode.swift; path = MatchCardView.swift; sourceTree = "<group>"; };
		F1AF7AB52912ECE400CEFFBB /* CSTVApp.app */ = {isa = PBXFileReference; explicitFileType = wrapper.application; includeInIndex = 0; path = CSTVApp.app; sourceTree = BUILT_PRODUCTS_DIR; };
		F1AF7AB82912ECE400CEFFBB /* CSTVApp.swift */ = {isa = PBXFileReference; lastKnownFileType = sourcecode.swift; path = CSTVApp.swift; sourceTree = "<group>"; };
		F1AF7ABC2912ECE600CEFFBB /* Assets.xcassets */ = {isa = PBXFileReference; lastKnownFileType = folder.assetcatalog; path = Assets.xcassets; sourceTree = "<group>"; };
		F1AF7ABF2912ECE600CEFFBB /* Preview Assets.xcassets */ = {isa = PBXFileReference; lastKnownFileType = folder.assetcatalog; path = "Preview Assets.xcassets"; sourceTree = "<group>"; };
		F1AF7AC52912ECE700CEFFBB /* CSTVAppTests.xctest */ = {isa = PBXFileReference; explicitFileType = wrapper.cfbundle; includeInIndex = 0; path = CSTVAppTests.xctest; sourceTree = BUILT_PRODUCTS_DIR; };
		F1AF7AC92912ECE700CEFFBB /* CSTVAppTests.swift */ = {isa = PBXFileReference; lastKnownFileType = sourcecode.swift; path = CSTVAppTests.swift; sourceTree = "<group>"; };
		F1AF7AE22912EE1F00CEFFBB /* MatchesView.swift */ = {isa = PBXFileReference; lastKnownFileType = sourcecode.swift; path = MatchesView.swift; sourceTree = "<group>"; };
		F1AF7AE42912F1BF00CEFFBB /* PandaScoreAPI.swift */ = {isa = PBXFileReference; lastKnownFileType = sourcecode.swift; path = PandaScoreAPI.swift; sourceTree = "<group>"; };
		F1AF7AE62912F26300CEFFBB /* MatchesViewModel.swift */ = {isa = PBXFileReference; lastKnownFileType = sourcecode.swift; path = MatchesViewModel.swift; sourceTree = "<group>"; };
		F1AF7AE82912F3B300CEFFBB /* Match.swift */ = {isa = PBXFileReference; lastKnownFileType = sourcecode.swift; path = Match.swift; sourceTree = "<group>"; };
		F1AF7AEA2912F59900CEFFBB /* Opponent.swift */ = {isa = PBXFileReference; lastKnownFileType = sourcecode.swift; path = Opponent.swift; sourceTree = "<group>"; };
		F1AF7AEC2912F5AD00CEFFBB /* League.swift */ = {isa = PBXFileReference; lastKnownFileType = sourcecode.swift; path = League.swift; sourceTree = "<group>"; };
		F1AF7AEE2912F5BB00CEFFBB /* Serie.swift */ = {isa = PBXFileReference; lastKnownFileType = sourcecode.swift; path = Serie.swift; sourceTree = "<group>"; };
		F1F2AB3A29135037003877BF /* View+.swift */ = {isa = PBXFileReference; lastKnownFileType = sourcecode.swift; path = "View+.swift"; sourceTree = "<group>"; };
		F1F2AB3C291353A5003877BF /* MatchDetailsView.swift */ = {isa = PBXFileReference; lastKnownFileType = sourcecode.swift; path = MatchDetailsView.swift; sourceTree = "<group>"; };
/* End PBXFileReference section */

/* Begin PBXFrameworksBuildPhase section */
		F1AF7AB22912ECE400CEFFBB /* Frameworks */ = {
			isa = PBXFrameworksBuildPhase;
			buildActionMask = 2147483647;
			files = (
			);
			runOnlyForDeploymentPostprocessing = 0;
		};
		F1AF7AC22912ECE700CEFFBB /* Frameworks */ = {
			isa = PBXFrameworksBuildPhase;
			buildActionMask = 2147483647;
			files = (
			);
			runOnlyForDeploymentPostprocessing = 0;
		};
/* End PBXFrameworksBuildPhase section */

/* Begin PBXGroup section */
		F137A8CB29133C8B00BA7FE1 /* Extensions */ = {
			isa = PBXGroup;
			children = (
				F137A8CC29133CA700BA7FE1 /* Optional+.swift */,
				F137A8CE29133CB400BA7FE1 /* String+.swift */,
				F1F2AB3A29135037003877BF /* View+.swift */,
			);
			path = Extensions;
			sourceTree = "<group>";
		};
		F1AF7AAC2912ECE400CEFFBB = {
			isa = PBXGroup;
			children = (
				F1AF7AB72912ECE400CEFFBB /* CSTVApp */,
				F1AF7AC82912ECE700CEFFBB /* CSTVAppTests */,
				F1AF7AB62912ECE400CEFFBB /* Products */,
			);
			sourceTree = "<group>";
		};
		F1AF7AB62912ECE400CEFFBB /* Products */ = {
			isa = PBXGroup;
			children = (
				F1AF7AB52912ECE400CEFFBB /* CSTVApp.app */,
				F1AF7AC52912ECE700CEFFBB /* CSTVAppTests.xctest */,
			);
			name = Products;
			sourceTree = "<group>";
		};
		F1AF7AB72912ECE400CEFFBB /* CSTVApp */ = {
			isa = PBXGroup;
			children = (
				F1AF7AB82912ECE400CEFFBB /* CSTVApp.swift */,
				F1F2AB3629134C98003877BF /* Views */,
				F1F2AB3929134D52003877BF /* ViewModels */,
				F1F2AB3729134D06003877BF /* Services */,
				F137A8CB29133C8B00BA7FE1 /* Extensions */,
				F1AF7ABC2912ECE600CEFFBB /* Assets.xcassets */,
				F1AF7ABE2912ECE600CEFFBB /* Preview Content */,
			);
			path = CSTVApp;
			sourceTree = "<group>";
		};
		F1AF7ABE2912ECE600CEFFBB /* Preview Content */ = {
			isa = PBXGroup;
			children = (
				F1AF7ABF2912ECE600CEFFBB /* Preview Assets.xcassets */,
			);
			path = "Preview Content";
			sourceTree = "<group>";
		};
		F1AF7AC82912ECE700CEFFBB /* CSTVAppTests */ = {
			isa = PBXGroup;
			children = (
				F1AF7AC92912ECE700CEFFBB /* CSTVAppTests.swift */,
			);
			path = CSTVAppTests;
			sourceTree = "<group>";
		};
		F1F2AB3629134C98003877BF /* Views */ = {
			isa = PBXGroup;
			children = (
				F1AF7AE22912EE1F00CEFFBB /* MatchesView.swift */,
				F137A8D429134A9000BA7FE1 /* MatchCardView.swift */,
				F137A8C929133A8700BA7FE1 /* MatchTimeView.swift */,
				F137A8D02913427100BA7FE1 /* TeamView.swift */,
				F137A8D2291346C700BA7FE1 /* TeamsContainerView.swift */,
				F1F2AB3C291353A5003877BF /* MatchDetailsView.swift */,
			);
			path = Views;
			sourceTree = "<group>";
		};
		F1F2AB3729134D06003877BF /* Services */ = {
			isa = PBXGroup;
			children = (
				F1F2AB3829134D1D003877BF /* Models */,
				F1AF7AE42912F1BF00CEFFBB /* PandaScoreAPI.swift */,
			);
			path = Services;
			sourceTree = "<group>";
		};
		F1F2AB3829134D1D003877BF /* Models */ = {
			isa = PBXGroup;
			children = (
				F1AF7AE82912F3B300CEFFBB /* Match.swift */,
				F1AF7AEA2912F59900CEFFBB /* Opponent.swift */,
				F1AF7AEE2912F5BB00CEFFBB /* Serie.swift */,
				F1AF7AEC2912F5AD00CEFFBB /* League.swift */,
			);
			path = Models;
			sourceTree = "<group>";
		};
		F1F2AB3929134D52003877BF /* ViewModels */ = {
			isa = PBXGroup;
			children = (
				F1AF7AE62912F26300CEFFBB /* MatchesViewModel.swift */,
			);
			path = ViewModels;
			sourceTree = "<group>";
		};
/* End PBXGroup section */

/* Begin PBXNativeTarget section */
		F1AF7AB42912ECE400CEFFBB /* CSTVApp */ = {
			isa = PBXNativeTarget;
			buildConfigurationList = F1AF7AD92912ECE700CEFFBB /* Build configuration list for PBXNativeTarget "CSTVApp" */;
			buildPhases = (
				F1AF7AB12912ECE400CEFFBB /* Sources */,
				F1AF7AB22912ECE400CEFFBB /* Frameworks */,
				F1AF7AB32912ECE400CEFFBB /* Resources */,
			);
			buildRules = (
			);
			dependencies = (
			);
			name = CSTVApp;
			productName = CSTVApp;
			productReference = F1AF7AB52912ECE400CEFFBB /* CSTVApp.app */;
			productType = "com.apple.product-type.application";
		};
		F1AF7AC42912ECE700CEFFBB /* CSTVAppTests */ = {
			isa = PBXNativeTarget;
			buildConfigurationList = F1AF7ADC2912ECE700CEFFBB /* Build configuration list for PBXNativeTarget "CSTVAppTests" */;
			buildPhases = (
				F1AF7AC12912ECE700CEFFBB /* Sources */,
				F1AF7AC22912ECE700CEFFBB /* Frameworks */,
				F1AF7AC32912ECE700CEFFBB /* Resources */,
			);
			buildRules = (
			);
			dependencies = (
				F1AF7AC72912ECE700CEFFBB /* PBXTargetDependency */,
			);
			name = CSTVAppTests;
			productName = CSTVAppTests;
			productReference = F1AF7AC52912ECE700CEFFBB /* CSTVAppTests.xctest */;
			productType = "com.apple.product-type.bundle.unit-test";
		};
/* End PBXNativeTarget section */

/* Begin PBXProject section */
		F1AF7AAD2912ECE400CEFFBB /* Project object */ = {
			isa = PBXProject;
			attributes = {
				BuildIndependentTargetsInParallel = 1;
				LastSwiftUpdateCheck = 1330;
				LastUpgradeCheck = 1330;
				TargetAttributes = {
					F1AF7AB42912ECE400CEFFBB = {
						CreatedOnToolsVersion = 13.3.1;
					};
					F1AF7AC42912ECE700CEFFBB = {
						CreatedOnToolsVersion = 13.3.1;
						TestTargetID = F1AF7AB42912ECE400CEFFBB;
					};
				};
			};
			buildConfigurationList = F1AF7AB02912ECE400CEFFBB /* Build configuration list for PBXProject "CSTVApp" */;
			compatibilityVersion = "Xcode 13.0";
			developmentRegion = en;
			hasScannedForEncodings = 0;
			knownRegions = (
				en,
				Base,
			);
			mainGroup = F1AF7AAC2912ECE400CEFFBB;
			productRefGroup = F1AF7AB62912ECE400CEFFBB /* Products */;
			projectDirPath = "";
			projectRoot = "";
			targets = (
				F1AF7AB42912ECE400CEFFBB /* CSTVApp */,
				F1AF7AC42912ECE700CEFFBB /* CSTVAppTests */,
			);
		};
/* End PBXProject section */

/* Begin PBXResourcesBuildPhase section */
		F1AF7AB32912ECE400CEFFBB /* Resources */ = {
			isa = PBXResourcesBuildPhase;
			buildActionMask = 2147483647;
			files = (
				F1AF7AC02912ECE600CEFFBB /* Preview Assets.xcassets in Resources */,
				F1AF7ABD2912ECE600CEFFBB /* Assets.xcassets in Resources */,
			);
			runOnlyForDeploymentPostprocessing = 0;
		};
		F1AF7AC32912ECE700CEFFBB /* Resources */ = {
			isa = PBXResourcesBuildPhase;
			buildActionMask = 2147483647;
			files = (
			);
			runOnlyForDeploymentPostprocessing = 0;
		};
/* End PBXResourcesBuildPhase section */

/* Begin PBXSourcesBuildPhase section */
		F1AF7AB12912ECE400CEFFBB /* Sources */ = {
			isa = PBXSourcesBuildPhase;
			buildActionMask = 2147483647;
			files = (
				F1AF7AE72912F26300CEFFBB /* MatchesViewModel.swift in Sources */,
				F1AF7AED2912F5AD00CEFFBB /* League.swift in Sources */,
				F137A8D3291346C700BA7FE1 /* TeamsContainerView.swift in Sources */,
				F137A8CA29133A8700BA7FE1 /* MatchTimeView.swift in Sources */,
				F1AF7AEB2912F59900CEFFBB /* Opponent.swift in Sources */,
				F137A8D12913427100BA7FE1 /* TeamView.swift in Sources */,
				F1AF7AE32912EE1F00CEFFBB /* MatchesView.swift in Sources */,
				F1AF7AE52912F1BF00CEFFBB /* PandaScoreAPI.swift in Sources */,
				F137A8CD29133CA700BA7FE1 /* Optional+.swift in Sources */,
				F1AF7AEF2912F5BB00CEFFBB /* Serie.swift in Sources */,
				F1AF7AB92912ECE400CEFFBB /* CSTVApp.swift in Sources */,
				F137A8CF29133CB400BA7FE1 /* String+.swift in Sources */,
				F137A8D529134A9000BA7FE1 /* MatchCardView.swift in Sources */,
				F1F2AB3B29135037003877BF /* View+.swift in Sources */,
				F1AF7AE92912F3B300CEFFBB /* Match.swift in Sources */,
				F1F2AB3D291353A5003877BF /* MatchDetailsView.swift in Sources */,
			);
			runOnlyForDeploymentPostprocessing = 0;
		};
		F1AF7AC12912ECE700CEFFBB /* Sources */ = {
			isa = PBXSourcesBuildPhase;
			buildActionMask = 2147483647;
			files = (
				F1AF7ACA2912ECE700CEFFBB /* CSTVAppTests.swift in Sources */,
			);
			runOnlyForDeploymentPostprocessing = 0;
		};
/* End PBXSourcesBuildPhase section */

/* Begin PBXTargetDependency section */
		F1AF7AC72912ECE700CEFFBB /* PBXTargetDependency */ = {
			isa = PBXTargetDependency;
			target = F1AF7AB42912ECE400CEFFBB /* CSTVApp */;
			targetProxy = F1AF7AC62912ECE700CEFFBB /* PBXContainerItemProxy */;
		};
/* End PBXTargetDependency section */

/* Begin XCBuildConfiguration section */
		F1AF7AD72912ECE700CEFFBB /* Debug */ = {
			isa = XCBuildConfiguration;
			buildSettings = {
				ALWAYS_SEARCH_USER_PATHS = NO;
				CLANG_ANALYZER_NONNULL = YES;
				CLANG_ANALYZER_NUMBER_OBJECT_CONVERSION = YES_AGGRESSIVE;
				CLANG_CXX_LANGUAGE_STANDARD = "gnu++17";
				CLANG_ENABLE_MODULES = YES;
				CLANG_ENABLE_OBJC_ARC = YES;
				CLANG_ENABLE_OBJC_WEAK = YES;
				CLANG_WARN_BLOCK_CAPTURE_AUTORELEASING = YES;
				CLANG_WARN_BOOL_CONVERSION = YES;
				CLANG_WARN_COMMA = YES;
				CLANG_WARN_CONSTANT_CONVERSION = YES;
				CLANG_WARN_DEPRECATED_OBJC_IMPLEMENTATIONS = YES;
				CLANG_WARN_DIRECT_OBJC_ISA_USAGE = YES_ERROR;
				CLANG_WARN_DOCUMENTATION_COMMENTS = YES;
				CLANG_WARN_EMPTY_BODY = YES;
				CLANG_WARN_ENUM_CONVERSION = YES;
				CLANG_WARN_INFINITE_RECURSION = YES;
				CLANG_WARN_INT_CONVERSION = YES;
				CLANG_WARN_NON_LITERAL_NULL_CONVERSION = YES;
				CLANG_WARN_OBJC_IMPLICIT_RETAIN_SELF = YES;
				CLANG_WARN_OBJC_LITERAL_CONVERSION = YES;
				CLANG_WARN_OBJC_ROOT_CLASS = YES_ERROR;
				CLANG_WARN_QUOTED_INCLUDE_IN_FRAMEWORK_HEADER = YES;
				CLANG_WARN_RANGE_LOOP_ANALYSIS = YES;
				CLANG_WARN_STRICT_PROTOTYPES = YES;
				CLANG_WARN_SUSPICIOUS_MOVE = YES;
				CLANG_WARN_UNGUARDED_AVAILABILITY = YES_AGGRESSIVE;
				CLANG_WARN_UNREACHABLE_CODE = YES;
				CLANG_WARN__DUPLICATE_METHOD_MATCH = YES;
				COPY_PHASE_STRIP = NO;
				DEBUG_INFORMATION_FORMAT = dwarf;
				ENABLE_STRICT_OBJC_MSGSEND = YES;
				ENABLE_TESTABILITY = YES;
				GCC_C_LANGUAGE_STANDARD = gnu11;
				GCC_DYNAMIC_NO_PIC = NO;
				GCC_NO_COMMON_BLOCKS = YES;
				GCC_OPTIMIZATION_LEVEL = 0;
				GCC_PREPROCESSOR_DEFINITIONS = (
					"DEBUG=1",
					"$(inherited)",
				);
				GCC_WARN_64_TO_32_BIT_CONVERSION = YES;
				GCC_WARN_ABOUT_RETURN_TYPE = YES_ERROR;
				GCC_WARN_UNDECLARED_SELECTOR = YES;
				GCC_WARN_UNINITIALIZED_AUTOS = YES_AGGRESSIVE;
				GCC_WARN_UNUSED_FUNCTION = YES;
				GCC_WARN_UNUSED_VARIABLE = YES;
				IPHONEOS_DEPLOYMENT_TARGET = 15.4;
				MTL_ENABLE_DEBUG_INFO = INCLUDE_SOURCE;
				MTL_FAST_MATH = YES;
				ONLY_ACTIVE_ARCH = YES;
				SDKROOT = iphoneos;
				SWIFT_ACTIVE_COMPILATION_CONDITIONS = DEBUG;
				SWIFT_OPTIMIZATION_LEVEL = "-Onone";
			};
			name = Debug;
		};
		F1AF7AD82912ECE700CEFFBB /* Release */ = {
			isa = XCBuildConfiguration;
			buildSettings = {
				ALWAYS_SEARCH_USER_PATHS = NO;
				CLANG_ANALYZER_NONNULL = YES;
				CLANG_ANALYZER_NUMBER_OBJECT_CONVERSION = YES_AGGRESSIVE;
				CLANG_CXX_LANGUAGE_STANDARD = "gnu++17";
				CLANG_ENABLE_MODULES = YES;
				CLANG_ENABLE_OBJC_ARC = YES;
				CLANG_ENABLE_OBJC_WEAK = YES;
				CLANG_WARN_BLOCK_CAPTURE_AUTORELEASING = YES;
				CLANG_WARN_BOOL_CONVERSION = YES;
				CLANG_WARN_COMMA = YES;
				CLANG_WARN_CONSTANT_CONVERSION = YES;
				CLANG_WARN_DEPRECATED_OBJC_IMPLEMENTATIONS = YES;
				CLANG_WARN_DIRECT_OBJC_ISA_USAGE = YES_ERROR;
				CLANG_WARN_DOCUMENTATION_COMMENTS = YES;
				CLANG_WARN_EMPTY_BODY = YES;
				CLANG_WARN_ENUM_CONVERSION = YES;
				CLANG_WARN_INFINITE_RECURSION = YES;
				CLANG_WARN_INT_CONVERSION = YES;
				CLANG_WARN_NON_LITERAL_NULL_CONVERSION = YES;
				CLANG_WARN_OBJC_IMPLICIT_RETAIN_SELF = YES;
				CLANG_WARN_OBJC_LITERAL_CONVERSION = YES;
				CLANG_WARN_OBJC_ROOT_CLASS = YES_ERROR;
				CLANG_WARN_QUOTED_INCLUDE_IN_FRAMEWORK_HEADER = YES;
				CLANG_WARN_RANGE_LOOP_ANALYSIS = YES;
				CLANG_WARN_STRICT_PROTOTYPES = YES;
				CLANG_WARN_SUSPICIOUS_MOVE = YES;
				CLANG_WARN_UNGUARDED_AVAILABILITY = YES_AGGRESSIVE;
				CLANG_WARN_UNREACHABLE_CODE = YES;
				CLANG_WARN__DUPLICATE_METHOD_MATCH = YES;
				COPY_PHASE_STRIP = NO;
				DEBUG_INFORMATION_FORMAT = "dwarf-with-dsym";
				ENABLE_NS_ASSERTIONS = NO;
				ENABLE_STRICT_OBJC_MSGSEND = YES;
				GCC_C_LANGUAGE_STANDARD = gnu11;
				GCC_NO_COMMON_BLOCKS = YES;
				GCC_WARN_64_TO_32_BIT_CONVERSION = YES;
				GCC_WARN_ABOUT_RETURN_TYPE = YES_ERROR;
				GCC_WARN_UNDECLARED_SELECTOR = YES;
				GCC_WARN_UNINITIALIZED_AUTOS = YES_AGGRESSIVE;
				GCC_WARN_UNUSED_FUNCTION = YES;
				GCC_WARN_UNUSED_VARIABLE = YES;
				IPHONEOS_DEPLOYMENT_TARGET = 15.4;
				MTL_ENABLE_DEBUG_INFO = NO;
				MTL_FAST_MATH = YES;
				SDKROOT = iphoneos;
				SWIFT_COMPILATION_MODE = wholemodule;
				SWIFT_OPTIMIZATION_LEVEL = "-O";
				VALIDATE_PRODUCT = YES;
			};
			name = Release;
		};
		F1AF7ADA2912ECE700CEFFBB /* Debug */ = {
			isa = XCBuildConfiguration;
			buildSettings = {
				ASSETCATALOG_COMPILER_APPICON_NAME = AppIcon;
				ASSETCATALOG_COMPILER_GLOBAL_ACCENT_COLOR_NAME = AccentColor;
				CODE_SIGN_STYLE = Automatic;
				CURRENT_PROJECT_VERSION = 1;
				DEVELOPMENT_ASSET_PATHS = "\"CSTVApp/Preview Content\"";
				DEVELOPMENT_TEAM = 64L272LLTA;
				ENABLE_PREVIEWS = YES;
				GENERATE_INFOPLIST_FILE = YES;
				INFOPLIST_KEY_UIApplicationSceneManifest_Generation = YES;
				INFOPLIST_KEY_UIApplicationSupportsIndirectInputEvents = YES;
				INFOPLIST_KEY_UILaunchScreen_Generation = YES;
				INFOPLIST_KEY_UISupportedInterfaceOrientations = UIInterfaceOrientationPortrait;
				INFOPLIST_KEY_UISupportedInterfaceOrientations_iPad = "UIInterfaceOrientationLandscapeLeft UIInterfaceOrientationLandscapeRight UIInterfaceOrientationPortrait UIInterfaceOrientationPortraitUpsideDown";
				LD_RUNPATH_SEARCH_PATHS = (
					"$(inherited)",
					"@executable_path/Frameworks",
				);
				MARKETING_VERSION = 1.0;
				PRODUCT_BUNDLE_IDENTIFIER = dev.dbeniteslopes.CSTVApp;
				PRODUCT_NAME = "$(TARGET_NAME)";
				SUPPORTED_PLATFORMS = "iphoneos iphonesimulator";
				SUPPORTS_MACCATALYST = NO;
				SUPPORTS_MAC_DESIGNED_FOR_IPHONE_IPAD = NO;
				SWIFT_EMIT_LOC_STRINGS = YES;
				SWIFT_VERSION = 5.0;
				TARGETED_DEVICE_FAMILY = 1;
			};
			name = Debug;
		};
		F1AF7ADB2912ECE700CEFFBB /* Release */ = {
			isa = XCBuildConfiguration;
			buildSettings = {
				ASSETCATALOG_COMPILER_APPICON_NAME = AppIcon;
				ASSETCATALOG_COMPILER_GLOBAL_ACCENT_COLOR_NAME = AccentColor;
				CODE_SIGN_STYLE = Automatic;
				CURRENT_PROJECT_VERSION = 1;
				DEVELOPMENT_ASSET_PATHS = "\"CSTVApp/Preview Content\"";
				DEVELOPMENT_TEAM = 64L272LLTA;
				ENABLE_PREVIEWS = YES;
				GENERATE_INFOPLIST_FILE = YES;
				INFOPLIST_KEY_UIApplicationSceneManifest_Generation = YES;
				INFOPLIST_KEY_UIApplicationSupportsIndirectInputEvents = YES;
				INFOPLIST_KEY_UILaunchScreen_Generation = YES;
				INFOPLIST_KEY_UISupportedInterfaceOrientations = UIInterfaceOrientationPortrait;
				INFOPLIST_KEY_UISupportedInterfaceOrientations_iPad = "UIInterfaceOrientationLandscapeLeft UIInterfaceOrientationLandscapeRight UIInterfaceOrientationPortrait UIInterfaceOrientationPortraitUpsideDown";
				LD_RUNPATH_SEARCH_PATHS = (
					"$(inherited)",
					"@executable_path/Frameworks",
				);
				MARKETING_VERSION = 1.0;
				PRODUCT_BUNDLE_IDENTIFIER = dev.dbeniteslopes.CSTVApp;
				PRODUCT_NAME = "$(TARGET_NAME)";
				SUPPORTED_PLATFORMS = "iphoneos iphonesimulator";
				SUPPORTS_MACCATALYST = NO;
				SUPPORTS_MAC_DESIGNED_FOR_IPHONE_IPAD = NO;
				SWIFT_EMIT_LOC_STRINGS = YES;
				SWIFT_VERSION = 5.0;
				TARGETED_DEVICE_FAMILY = 1;
			};
			name = Release;
		};
		F1AF7ADD2912ECE700CEFFBB /* Debug */ = {
			isa = XCBuildConfiguration;
			buildSettings = {
				ALWAYS_EMBED_SWIFT_STANDARD_LIBRARIES = YES;
				BUNDLE_LOADER = "$(TEST_HOST)";
				CODE_SIGN_STYLE = Automatic;
				CURRENT_PROJECT_VERSION = 1;
				DEVELOPMENT_TEAM = 64L272LLTA;
				GENERATE_INFOPLIST_FILE = YES;
				IPHONEOS_DEPLOYMENT_TARGET = 15.4;
				MARKETING_VERSION = 1.0;
				PRODUCT_BUNDLE_IDENTIFIER = dev.dbeniteslopes.CSTVAppTests;
				PRODUCT_NAME = "$(TARGET_NAME)";
				SWIFT_EMIT_LOC_STRINGS = NO;
				SWIFT_VERSION = 5.0;
				TARGETED_DEVICE_FAMILY = "1,2";
				TEST_HOST = "$(BUILT_PRODUCTS_DIR)/CSTVApp.app/CSTVApp";
			};
			name = Debug;
		};
		F1AF7ADE2912ECE700CEFFBB /* Release */ = {
			isa = XCBuildConfiguration;
			buildSettings = {
				ALWAYS_EMBED_SWIFT_STANDARD_LIBRARIES = YES;
				BUNDLE_LOADER = "$(TEST_HOST)";
				CODE_SIGN_STYLE = Automatic;
				CURRENT_PROJECT_VERSION = 1;
				DEVELOPMENT_TEAM = 64L272LLTA;
				GENERATE_INFOPLIST_FILE = YES;
				IPHONEOS_DEPLOYMENT_TARGET = 15.4;
				MARKETING_VERSION = 1.0;
				PRODUCT_BUNDLE_IDENTIFIER = dev.dbeniteslopes.CSTVAppTests;
				PRODUCT_NAME = "$(TARGET_NAME)";
				SWIFT_EMIT_LOC_STRINGS = NO;
				SWIFT_VERSION = 5.0;
				TARGETED_DEVICE_FAMILY = "1,2";
				TEST_HOST = "$(BUILT_PRODUCTS_DIR)/CSTVApp.app/CSTVApp";
			};
			name = Release;
		};
/* End XCBuildConfiguration section */

/* Begin XCConfigurationList section */
		F1AF7AB02912ECE400CEFFBB /* Build configuration list for PBXProject "CSTVApp" */ = {
			isa = XCConfigurationList;
			buildConfigurations = (
				F1AF7AD72912ECE700CEFFBB /* Debug */,
				F1AF7AD82912ECE700CEFFBB /* Release */,
			);
			defaultConfigurationIsVisible = 0;
			defaultConfigurationName = Release;
		};
		F1AF7AD92912ECE700CEFFBB /* Build configuration list for PBXNativeTarget "CSTVApp" */ = {
			isa = XCConfigurationList;
			buildConfigurations = (
				F1AF7ADA2912ECE700CEFFBB /* Debug */,
				F1AF7ADB2912ECE700CEFFBB /* Release */,
			);
			defaultConfigurationIsVisible = 0;
			defaultConfigurationName = Release;
		};
		F1AF7ADC2912ECE700CEFFBB /* Build configuration list for PBXNativeTarget "CSTVAppTests" */ = {
			isa = XCConfigurationList;
			buildConfigurations = (
				F1AF7ADD2912ECE700CEFFBB /* Debug */,
				F1AF7ADE2912ECE700CEFFBB /* Release */,
			);
			defaultConfigurationIsVisible = 0;
			defaultConfigurationName = Release;
		};
/* End XCConfigurationList section */
	};
	rootObject = F1AF7AAD2912ECE400CEFFBB /* Project object */;
}
